// !$*UTF8*$!
{
	archiveVersion = 1;
	classes = {
	};
	objectVersion = 50;
	objects = {

/* Begin PBXBuildFile section */
		FE7BDDF125CFA56D00CA961D /* AppDelegate.swift in Sources */ = {isa = PBXBuildFile; fileRef = FE7BDDF025CFA56D00CA961D /* AppDelegate.swift */; };
		FE7BDDF325CFA56D00CA961D /* SceneDelegate.swift in Sources */ = {isa = PBXBuildFile; fileRef = FE7BDDF225CFA56D00CA961D /* SceneDelegate.swift */; };
		FE7BDDF525CFA56D00CA961D /* ViewController.swift in Sources */ = {isa = PBXBuildFile; fileRef = FE7BDDF425CFA56D00CA961D /* ViewController.swift */; };
		FE7BDDF825CFA56D00CA961D /* Main.storyboard in Resources */ = {isa = PBXBuildFile; fileRef = FE7BDDF625CFA56D00CA961D /* Main.storyboard */; };
		FE7BDDFA25CFA56F00CA961D /* Assets.xcassets in Resources */ = {isa = PBXBuildFile; fileRef = FE7BDDF925CFA56F00CA961D /* Assets.xcassets */; };
		FE7BDDFD25CFA57000CA961D /* LaunchScreen.storyboard in Resources */ = {isa = PBXBuildFile; fileRef = FE7BDDFB25CFA57000CA961D /* LaunchScreen.storyboard */; };
		FE7BDE0825CFA57000CA961D /* jbender_assignment5Tests.swift in Sources */ = {isa = PBXBuildFile; fileRef = FE7BDE0725CFA57000CA961D /* jbender_assignment5Tests.swift */; };
		FE7BDE1325CFA57000CA961D /* jbender_assignment5UITests.swift in Sources */ = {isa = PBXBuildFile; fileRef = FE7BDE1225CFA57000CA961D /* jbender_assignment5UITests.swift */; };
/* End PBXBuildFile section */

/* Begin PBXContainerItemProxy section */
		FE7BDE0425CFA57000CA961D /* PBXContainerItemProxy */ = {
			isa = PBXContainerItemProxy;
			containerPortal = FE7BDDE525CFA56D00CA961D /* Project object */;
			proxyType = 1;
			remoteGlobalIDString = FE7BDDEC25CFA56D00CA961D;
			remoteInfo = jbender_assignment5;
		};
		FE7BDE0F25CFA57000CA961D /* PBXContainerItemProxy */ = {
			isa = PBXContainerItemProxy;
			containerPortal = FE7BDDE525CFA56D00CA961D /* Project object */;
			proxyType = 1;
			remoteGlobalIDString = FE7BDDEC25CFA56D00CA961D;
			remoteInfo = jbender_assignment5;
		};
/* End PBXContainerItemProxy section */

/* Begin PBXFileReference section */
		FE7BDDED25CFA56D00CA961D /* jbender_assignment5.app */ = {isa = PBXFileReference; explicitFileType = wrapper.application; includeInIndex = 0; path = jbender_assignment5.app; sourceTree = BUILT_PRODUCTS_DIR; };
		FE7BDDF025CFA56D00CA961D /* AppDelegate.swift */ = {isa = PBXFileReference; lastKnownFileType = sourcecode.swift; path = AppDelegate.swift; sourceTree = "<group>"; };
		FE7BDDF225CFA56D00CA961D /* SceneDelegate.swift */ = {isa = PBXFileReference; lastKnownFileType = sourcecode.swift; path = SceneDelegate.swift; sourceTree = "<group>"; };
		FE7BDDF425CFA56D00CA961D /* ViewController.swift */ = {isa = PBXFileReference; lastKnownFileType = sourcecode.swift; path = ViewController.swift; sourceTree = "<group>"; };
		FE7BDDF725CFA56D00CA961D /* Base */ = {isa = PBXFileReference; lastKnownFileType = file.storyboard; name = Base; path = Base.lproj/Main.storyboard; sourceTree = "<group>"; };
		FE7BDDF925CFA56F00CA961D /* Assets.xcassets */ = {isa = PBXFileReference; lastKnownFileType = folder.assetcatalog; path = Assets.xcassets; sourceTree = "<group>"; };
		FE7BDDFC25CFA57000CA961D /* Base */ = {isa = PBXFileReference; lastKnownFileType = file.storyboard; name = Base; path = Base.lproj/LaunchScreen.storyboard; sourceTree = "<group>"; };
		FE7BDDFE25CFA57000CA961D /* Info.plist */ = {isa = PBXFileReference; lastKnownFileType = text.plist.xml; path = Info.plist; sourceTree = "<group>"; };
		FE7BDE0325CFA57000CA961D /* jbender_assignment5Tests.xctest */ = {isa = PBXFileReference; explicitFileType = wrapper.cfbundle; includeInIndex = 0; path = jbender_assignment5Tests.xctest; sourceTree = BUILT_PRODUCTS_DIR; };
		FE7BDE0725CFA57000CA961D /* jbender_assignment5Tests.swift */ = {isa = PBXFileReference; lastKnownFileType = sourcecode.swift; path = jbender_assignment5Tests.swift; sourceTree = "<group>"; };
		FE7BDE0925CFA57000CA961D /* Info.plist */ = {isa = PBXFileReference; lastKnownFileType = text.plist.xml; path = Info.plist; sourceTree = "<group>"; };
		FE7BDE0E25CFA57000CA961D /* jbender_assignment5UITests.xctest */ = {isa = PBXFileReference; explicitFileType = wrapper.cfbundle; includeInIndex = 0; path = jbender_assignment5UITests.xctest; sourceTree = BUILT_PRODUCTS_DIR; };
		FE7BDE1225CFA57000CA961D /* jbender_assignment5UITests.swift */ = {isa = PBXFileReference; lastKnownFileType = sourcecode.swift; path = jbender_assignment5UITests.swift; sourceTree = "<group>"; };
		FE7BDE1425CFA57000CA961D /* Info.plist */ = {isa = PBXFileReference; lastKnownFileType = text.plist.xml; path = Info.plist; sourceTree = "<group>"; };
/* End PBXFileReference section */

/* Begin PBXFrameworksBuildPhase section */
		FE7BDDEA25CFA56D00CA961D /* Frameworks */ = {
			isa = PBXFrameworksBuildPhase;
			buildActionMask = 2147483647;
			files = (
			);
			runOnlyForDeploymentPostprocessing = 0;
		};
		FE7BDE0025CFA57000CA961D /* Frameworks */ = {
			isa = PBXFrameworksBuildPhase;
			buildActionMask = 2147483647;
			files = (
			);
			runOnlyForDeploymentPostprocessing = 0;
		};
		FE7BDE0B25CFA57000CA961D /* Frameworks */ = {
			isa = PBXFrameworksBuildPhase;
			buildActionMask = 2147483647;
			files = (
			);
			runOnlyForDeploymentPostprocessing = 0;
		};
/* End PBXFrameworksBuildPhase section */

/* Begin PBXGroup section */
		FE7BDDE425CFA56D00CA961D = {
			isa = PBXGroup;
			children = (
				FE7BDDEF25CFA56D00CA961D /* jbender_assignment5 */,
				FE7BDE0625CFA57000CA961D /* jbender_assignment5Tests */,
				FE7BDE1125CFA57000CA961D /* jbender_assignment5UITests */,
				FE7BDDEE25CFA56D00CA961D /* Products */,
			);
			sourceTree = "<group>";
		};
		FE7BDDEE25CFA56D00CA961D /* Products */ = {
			isa = PBXGroup;
			children = (
				FE7BDDED25CFA56D00CA961D /* jbender_assignment5.app */,
				FE7BDE0325CFA57000CA961D /* jbender_assignment5Tests.xctest */,
				FE7BDE0E25CFA57000CA961D /* jbender_assignment5UITests.xctest */,
			);
			name = Products;
			sourceTree = "<group>";
		};
		FE7BDDEF25CFA56D00CA961D /* jbender_assignment5 */ = {
			isa = PBXGroup;
			children = (
				FE7BDDF025CFA56D00CA961D /* AppDelegate.swift */,
				FE7BDDF225CFA56D00CA961D /* SceneDelegate.swift */,
				FE7BDDF425CFA56D00CA961D /* ViewController.swift */,
				FE7BDDF625CFA56D00CA961D /* Main.storyboard */,
				FE7BDDF925CFA56F00CA961D /* Assets.xcassets */,
				FE7BDDFB25CFA57000CA961D /* LaunchScreen.storyboard */,
				FE7BDDFE25CFA57000CA961D /* Info.plist */,
			);
			path = jbender_assignment5;
			sourceTree = "<group>";
		};
		FE7BDE0625CFA57000CA961D /* jbender_assignment5Tests */ = {
			isa = PBXGroup;
			children = (
				FE7BDE0725CFA57000CA961D /* jbender_assignment5Tests.swift */,
				FE7BDE0925CFA57000CA961D /* Info.plist */,
			);
			path = jbender_assignment5Tests;
			sourceTree = "<group>";
		};
		FE7BDE1125CFA57000CA961D /* jbender_assignment5UITests */ = {
			isa = PBXGroup;
			children = (
				FE7BDE1225CFA57000CA961D /* jbender_assignment5UITests.swift */,
				FE7BDE1425CFA57000CA961D /* Info.plist */,
			);
			path = jbender_assignment5UITests;
			sourceTree = "<group>";
		};
/* End PBXGroup section */

/* Begin PBXNativeTarget section */
		FE7BDDEC25CFA56D00CA961D /* jbender_assignment5 */ = {
			isa = PBXNativeTarget;
			buildConfigurationList = FE7BDE1725CFA57000CA961D /* Build configuration list for PBXNativeTarget "jbender_assignment5" */;
			buildPhases = (
				FE7BDDE925CFA56D00CA961D /* Sources */,
				FE7BDDEA25CFA56D00CA961D /* Frameworks */,
				FE7BDDEB25CFA56D00CA961D /* Resources */,
			);
			buildRules = (
			);
			dependencies = (
			);
			name = jbender_assignment5;
			productName = jbender_assignment5;
			productReference = FE7BDDED25CFA56D00CA961D /* jbender_assignment5.app */;
			productType = "com.apple.product-type.application";
		};
		FE7BDE0225CFA57000CA961D /* jbender_assignment5Tests */ = {
			isa = PBXNativeTarget;
			buildConfigurationList = FE7BDE1A25CFA57000CA961D /* Build configuration list for PBXNativeTarget "jbender_assignment5Tests" */;
			buildPhases = (
				FE7BDDFF25CFA57000CA961D /* Sources */,
				FE7BDE0025CFA57000CA961D /* Frameworks */,
				FE7BDE0125CFA57000CA961D /* Resources */,
			);
			buildRules = (
			);
			dependencies = (
				FE7BDE0525CFA57000CA961D /* PBXTargetDependency */,
			);
			name = jbender_assignment5Tests;
			productName = jbender_assignment5Tests;
			productReference = FE7BDE0325CFA57000CA961D /* jbender_assignment5Tests.xctest */;
			productType = "com.apple.product-type.bundle.unit-test";
		};
		FE7BDE0D25CFA57000CA961D /* jbender_assignment5UITests */ = {
			isa = PBXNativeTarget;
			buildConfigurationList = FE7BDE1D25CFA57000CA961D /* Build configuration list for PBXNativeTarget "jbender_assignment5UITests" */;
			buildPhases = (
				FE7BDE0A25CFA57000CA961D /* Sources */,
				FE7BDE0B25CFA57000CA961D /* Frameworks */,
				FE7BDE0C25CFA57000CA961D /* Resources */,
			);
			buildRules = (
			);
			dependencies = (
				FE7BDE1025CFA57000CA961D /* PBXTargetDependency */,
			);
			name = jbender_assignment5UITests;
			productName = jbender_assignment5UITests;
			productReference = FE7BDE0E25CFA57000CA961D /* jbender_assignment5UITests.xctest */;
			productType = "com.apple.product-type.bundle.ui-testing";
		};
/* End PBXNativeTarget section */

/* Begin PBXProject section */
		FE7BDDE525CFA56D00CA961D /* Project object */ = {
			isa = PBXProject;
			attributes = {
				LastSwiftUpdateCheck = 1230;
				LastUpgradeCheck = 1230;
				TargetAttributes = {
					FE7BDDEC25CFA56D00CA961D = {
						CreatedOnToolsVersion = 12.3;
					};
					FE7BDE0225CFA57000CA961D = {
						CreatedOnToolsVersion = 12.3;
						TestTargetID = FE7BDDEC25CFA56D00CA961D;
					};
					FE7BDE0D25CFA57000CA961D = {
						CreatedOnToolsVersion = 12.3;
						TestTargetID = FE7BDDEC25CFA56D00CA961D;
					};
				};
			};
			buildConfigurationList = FE7BDDE825CFA56D00CA961D /* Build configuration list for PBXProject "jbender_assignment5" */;
			compatibilityVersion = "Xcode 9.3";
			developmentRegion = en;
			hasScannedForEncodings = 0;
			knownRegions = (
				en,
				Base,
			);
			mainGroup = FE7BDDE425CFA56D00CA961D;
			productRefGroup = FE7BDDEE25CFA56D00CA961D /* Products */;
			projectDirPath = "";
			projectRoot = "";
			targets = (
				FE7BDDEC25CFA56D00CA961D /* jbender_assignment5 */,
				FE7BDE0225CFA57000CA961D /* jbender_assignment5Tests */,
				FE7BDE0D25CFA57000CA961D /* jbender_assignment5UITests */,
			);
		};
/* End PBXProject section */

/* Begin PBXResourcesBuildPhase section */
		FE7BDDEB25CFA56D00CA961D /* Resources */ = {
			isa = PBXResourcesBuildPhase;
			buildActionMask = 2147483647;
			files = (
				FE7BDDFD25CFA57000CA961D /* LaunchScreen.storyboard in Resources */,
				FE7BDDFA25CFA56F00CA961D /* Assets.xcassets in Resources */,
				FE7BDDF825CFA56D00CA961D /* Main.storyboard in Resources */,
			);
			runOnlyForDeploymentPostprocessing = 0;
		};
		FE7BDE0125CFA57000CA961D /* Resources */ = {
			isa = PBXResourcesBuildPhase;
			buildActionMask = 2147483647;
			files = (
			);
			runOnlyForDeploymentPostprocessing = 0;
		};
		FE7BDE0C25CFA57000CA961D /* Resources */ = {
			isa = PBXResourcesBuildPhase;
			buildActionMask = 2147483647;
			files = (
			);
			runOnlyForDeploymentPostprocessing = 0;
		};
/* End PBXResourcesBuildPhase section */

/* Begin PBXSourcesBuildPhase section */
		FE7BDDE925CFA56D00CA961D /* Sources */ = {
			isa = PBXSourcesBuildPhase;
			buildActionMask = 2147483647;
			files = (
				FE7BDDF525CFA56D00CA961D /* ViewController.swift in Sources */,
				FE7BDDF125CFA56D00CA961D /* AppDelegate.swift in Sources */,
				FE7BDDF325CFA56D00CA961D /* SceneDelegate.swift in Sources */,
			);
			runOnlyForDeploymentPostprocessing = 0;
		};
		FE7BDDFF25CFA57000CA961D /* Sources */ = {
			isa = PBXSourcesBuildPhase;
			buildActionMask = 2147483647;
			files = (
				FE7BDE0825CFA57000CA961D /* jbender_assignment5Tests.swift in Sources */,
			);
			runOnlyForDeploymentPostprocessing = 0;
		};
		FE7BDE0A25CFA57000CA961D /* Sources */ = {
			isa = PBXSourcesBuildPhase;
			buildActionMask = 2147483647;
			files = (
				FE7BDE1325CFA57000CA961D /* jbender_assignment5UITests.swift in Sources */,
			);
			runOnlyForDeploymentPostprocessing = 0;
		};
/* End PBXSourcesBuildPhase section */

/* Begin PBXTargetDependency section */
		FE7BDE0525CFA57000CA961D /* PBXTargetDependency */ = {
			isa = PBXTargetDependency;
			target = FE7BDDEC25CFA56D00CA961D /* jbender_assignment5 */;
			targetProxy = FE7BDE0425CFA57000CA961D /* PBXContainerItemProxy */;
		};
		FE7BDE1025CFA57000CA961D /* PBXTargetDependency */ = {
			isa = PBXTargetDependency;
			target = FE7BDDEC25CFA56D00CA961D /* jbender_assignment5 */;
			targetProxy = FE7BDE0F25CFA57000CA961D /* PBXContainerItemProxy */;
		};
/* End PBXTargetDependency section */

/* Begin PBXVariantGroup section */
		FE7BDDF625CFA56D00CA961D /* Main.storyboard */ = {
			isa = PBXVariantGroup;
			children = (
				FE7BDDF725CFA56D00CA961D /* Base */,
			);
			name = Main.storyboard;
			sourceTree = "<group>";
		};
		FE7BDDFB25CFA57000CA961D /* LaunchScreen.storyboard */ = {
			isa = PBXVariantGroup;
			children = (
				FE7BDDFC25CFA57000CA961D /* Base */,
			);
			name = LaunchScreen.storyboard;
			sourceTree = "<group>";
		};
/* End PBXVariantGroup section */

/* Begin XCBuildConfiguration section */
		FE7BDE1525CFA57000CA961D /* Debug */ = {
			isa = XCBuildConfiguration;
			buildSettings = {
				ALWAYS_SEARCH_USER_PATHS = NO;
				CLANG_ANALYZER_NONNULL = YES;
				CLANG_ANALYZER_NUMBER_OBJECT_CONVERSION = YES_AGGRESSIVE;
				CLANG_CXX_LANGUAGE_STANDARD = "gnu++14";
				CLANG_CXX_LIBRARY = "libc++";
				CLANG_ENABLE_MODULES = YES;
				CLANG_ENABLE_OBJC_ARC = YES;
				CLANG_ENABLE_OBJC_WEAK = YES;
				CLANG_WARN_BLOCK_CAPTURE_AUTORELEASING = YES;
				CLANG_WARN_BOOL_CONVERSION = YES;
				CLANG_WARN_COMMA = YES;
				CLANG_WARN_CONSTANT_CONVERSION = YES;
				CLANG_WARN_DEPRECATED_OBJC_IMPLEMENTATIONS = YES;
				CLANG_WARN_DIRECT_OBJC_ISA_USAGE = YES_ERROR;
				CLANG_WARN_DOCUMENTATION_COMMENTS = YES;
				CLANG_WARN_EMPTY_BODY = YES;
				CLANG_WARN_ENUM_CONVERSION = YES;
				CLANG_WARN_INFINITE_RECURSION = YES;
				CLANG_WARN_INT_CONVERSION = YES;
				CLANG_WARN_NON_LITERAL_NULL_CONVERSION = YES;
				CLANG_WARN_OBJC_IMPLICIT_RETAIN_SELF = YES;
				CLANG_WARN_OBJC_LITERAL_CONVERSION = YES;
				CLANG_WARN_OBJC_ROOT_CLASS = YES_ERROR;
				CLANG_WARN_QUOTED_INCLUDE_IN_FRAMEWORK_HEADER = YES;
				CLANG_WARN_RANGE_LOOP_ANALYSIS = YES;
				CLANG_WARN_STRICT_PROTOTYPES = YES;
				CLANG_WARN_SUSPICIOUS_MOVE = YES;
				CLANG_WARN_UNGUARDED_AVAILABILITY = YES_AGGRESSIVE;
				CLANG_WARN_UNREACHABLE_CODE = YES;
				CLANG_WARN__DUPLICATE_METHOD_MATCH = YES;
				COPY_PHASE_STRIP = NO;
				DEBUG_INFORMATION_FORMAT = dwarf;
				ENABLE_STRICT_OBJC_MSGSEND = YES;
				ENABLE_TESTABILITY = YES;
				GCC_C_LANGUAGE_STANDARD = gnu11;
				GCC_DYNAMIC_NO_PIC = NO;
				GCC_NO_COMMON_BLOCKS = YES;
				GCC_OPTIMIZATION_LEVEL = 0;
				GCC_PREPROCESSOR_DEFINITIONS = (
					"DEBUG=1",
					"$(inherited)",
				);
				GCC_WARN_64_TO_32_BIT_CONVERSION = YES;
				GCC_WARN_ABOUT_RETURN_TYPE = YES_ERROR;
				GCC_WARN_UNDECLARED_SELECTOR = YES;
				GCC_WARN_UNINITIALIZED_AUTOS = YES_AGGRESSIVE;
				GCC_WARN_UNUSED_FUNCTION = YES;
				GCC_WARN_UNUSED_VARIABLE = YES;
				IPHONEOS_DEPLOYMENT_TARGET = 14.3;
				MTL_ENABLE_DEBUG_INFO = INCLUDE_SOURCE;
				MTL_FAST_MATH = YES;
				ONLY_ACTIVE_ARCH = YES;
				SDKROOT = iphoneos;
				SWIFT_ACTIVE_COMPILATION_CONDITIONS = DEBUG;
				SWIFT_OPTIMIZATION_LEVEL = "-Onone";
			};
			name = Debug;
		};
		FE7BDE1625CFA57000CA961D /* Release */ = {
			isa = XCBuildConfiguration;
			buildSettings = {
				ALWAYS_SEARCH_USER_PATHS = NO;
				CLANG_ANALYZER_NONNULL = YES;
				CLANG_ANALYZER_NUMBER_OBJECT_CONVERSION = YES_AGGRESSIVE;
				CLANG_CXX_LANGUAGE_STANDARD = "gnu++14";
				CLANG_CXX_LIBRARY = "libc++";
				CLANG_ENABLE_MODULES = YES;
				CLANG_ENABLE_OBJC_ARC = YES;
				CLANG_ENABLE_OBJC_WEAK = YES;
				CLANG_WARN_BLOCK_CAPTURE_AUTORELEASING = YES;
				CLANG_WARN_BOOL_CONVERSION = YES;
				CLANG_WARN_COMMA = YES;
				CLANG_WARN_CONSTANT_CONVERSION = YES;
				CLANG_WARN_DEPRECATED_OBJC_IMPLEMENTATIONS = YES;
				CLANG_WARN_DIRECT_OBJC_ISA_USAGE = YES_ERROR;
				CLANG_WARN_DOCUMENTATION_COMMENTS = YES;
				CLANG_WARN_EMPTY_BODY = YES;
				CLANG_WARN_ENUM_CONVERSION = YES;
				CLANG_WARN_INFINITE_RECURSION = YES;
				CLANG_WARN_INT_CONVERSION = YES;
				CLANG_WARN_NON_LITERAL_NULL_CONVERSION = YES;
				CLANG_WARN_OBJC_IMPLICIT_RETAIN_SELF = YES;
				CLANG_WARN_OBJC_LITERAL_CONVERSION = YES;
				CLANG_WARN_OBJC_ROOT_CLASS = YES_ERROR;
				CLANG_WARN_QUOTED_INCLUDE_IN_FRAMEWORK_HEADER = YES;
				CLANG_WARN_RANGE_LOOP_ANALYSIS = YES;
				CLANG_WARN_STRICT_PROTOTYPES = YES;
				CLANG_WARN_SUSPICIOUS_MOVE = YES;
				CLANG_WARN_UNGUARDED_AVAILABILITY = YES_AGGRESSIVE;
				CLANG_WARN_UNREACHABLE_CODE = YES;
				CLANG_WARN__DUPLICATE_METHOD_MATCH = YES;
				COPY_PHASE_STRIP = NO;
				DEBUG_INFORMATION_FORMAT = "dwarf-with-dsym";
				ENABLE_NS_ASSERTIONS = NO;
				ENABLE_STRICT_OBJC_MSGSEND = YES;
				GCC_C_LANGUAGE_STANDARD = gnu11;
				GCC_NO_COMMON_BLOCKS = YES;
				GCC_WARN_64_TO_32_BIT_CONVERSION = YES;
				GCC_WARN_ABOUT_RETURN_TYPE = YES_ERROR;
				GCC_WARN_UNDECLARED_SELECTOR = YES;
				GCC_WARN_UNINITIALIZED_AUTOS = YES_AGGRESSIVE;
				GCC_WARN_UNUSED_FUNCTION = YES;
				GCC_WARN_UNUSED_VARIABLE = YES;
				IPHONEOS_DEPLOYMENT_TARGET = 14.3;
				MTL_ENABLE_DEBUG_INFO = NO;
				MTL_FAST_MATH = YES;
				SDKROOT = iphoneos;
				SWIFT_COMPILATION_MODE = wholemodule;
				SWIFT_OPTIMIZATION_LEVEL = "-O";
				VALIDATE_PRODUCT = YES;
			};
			name = Release;
		};
		FE7BDE1825CFA57000CA961D /* Debug */ = {
			isa = XCBuildConfiguration;
			buildSettings = {
				ASSETCATALOG_COMPILER_APPICON_NAME = AppIcon;
				ASSETCATALOG_COMPILER_GLOBAL_ACCENT_COLOR_NAME = AccentColor;
				CODE_SIGN_STYLE = Automatic;
				DEVELOPMENT_TEAM = 5RLU3KZ4X2;
				INFOPLIST_FILE = jbender_assignment5/Info.plist;
				LD_RUNPATH_SEARCH_PATHS = (
					"$(inherited)",
					"@executable_path/Frameworks",
				);
				PRODUCT_BUNDLE_IDENTIFIER = "jbender.jbender-assignment5";
				PRODUCT_NAME = "$(TARGET_NAME)";
				SWIFT_VERSION = 5.0;
				TARGETED_DEVICE_FAMILY = "1,2";
			};
			name = Debug;
		};
		FE7BDE1925CFA57000CA961D /* Release */ = {
			isa = XCBuildConfiguration;
			buildSettings = {
				ASSETCATALOG_COMPILER_APPICON_NAME = AppIcon;
				ASSETCATALOG_COMPILER_GLOBAL_ACCENT_COLOR_NAME = AccentColor;
				CODE_SIGN_STYLE = Automatic;
				DEVELOPMENT_TEAM = 5RLU3KZ4X2;
				INFOPLIST_FILE = jbender_assignment5/Info.plist;
				LD_RUNPATH_SEARCH_PATHS = (
					"$(inherited)",
					"@executable_path/Frameworks",
				);
				PRODUCT_BUNDLE_IDENTIFIER = "jbender.jbender-assignment5";
				PRODUCT_NAME = "$(TARGET_NAME)";
				SWIFT_VERSION = 5.0;
				TARGETED_DEVICE_FAMILY = "1,2";
			};
			name = Release;
		};
		FE7BDE1B25CFA57000CA961D /* Debug */ = {
			isa = XCBuildConfiguration;
			buildSettings = {
				ALWAYS_EMBED_SWIFT_STANDARD_LIBRARIES = YES;
				BUNDLE_LOADER = "$(TEST_HOST)";
				CODE_SIGN_STYLE = Automatic;
				DEVELOPMENT_TEAM = 5RLU3KZ4X2;
				INFOPLIST_FILE = jbender_assignment5Tests/Info.plist;
				IPHONEOS_DEPLOYMENT_TARGET = 14.3;
				LD_RUNPATH_SEARCH_PATHS = (
					"$(inherited)",
					"@executable_path/Frameworks",
					"@loader_path/Frameworks",
				);
				PRODUCT_BUNDLE_IDENTIFIER = "jbender.jbender-assignment5Tests";
				PRODUCT_NAME = "$(TARGET_NAME)";
				SWIFT_VERSION = 5.0;
				TARGETED_DEVICE_FAMILY = "1,2";
				TEST_HOST = "$(BUILT_PRODUCTS_DIR)/jbender_assignment5.app/jbender_assignment5";
			};
			name = Debug;
		};
		FE7BDE1C25CFA57000CA961D /* Release */ = {
			isa = XCBuildConfiguration;
			buildSettings = {
				ALWAYS_EMBED_SWIFT_STANDARD_LIBRARIES = YES;
				BUNDLE_LOADER = "$(TEST_HOST)";
				CODE_SIGN_STYLE = Automatic;
				DEVELOPMENT_TEAM = 5RLU3KZ4X2;
				INFOPLIST_FILE = jbender_assignment5Tests/Info.plist;
				IPHONEOS_DEPLOYMENT_TARGET = 14.3;
				LD_RUNPATH_SEARCH_PATHS = (
					"$(inherited)",
					"@executable_path/Frameworks",
					"@loader_path/Frameworks",
				);
				PRODUCT_BUNDLE_IDENTIFIER = "jbender.jbender-assignment5Tests";
				PRODUCT_NAME = "$(TARGET_NAME)";
				SWIFT_VERSION = 5.0;
				TARGETED_DEVICE_FAMILY = "1,2";
				TEST_HOST = "$(BUILT_PRODUCTS_DIR)/jbender_assignment5.app/jbender_assignment5";
			};
			name = Release;
		};
		FE7BDE1E25CFA57000CA961D /* Debug */ = {
			isa = XCBuildConfiguration;
			buildSettings = {
				ALWAYS_EMBED_SWIFT_STANDARD_LIBRARIES = YES;
				CODE_SIGN_STYLE = Automatic;
				DEVELOPMENT_TEAM = 5RLU3KZ4X2;
				INFOPLIST_FILE = jbender_assignment5UITests/Info.plist;
				LD_RUNPATH_SEARCH_PATHS = (
					"$(inherited)",
					"@executable_path/Frameworks",
					"@loader_path/Frameworks",
				);
				PRODUCT_BUNDLE_IDENTIFIER = "jbender.jbender-assignment5UITests";
				PRODUCT_NAME = "$(TARGET_NAME)";
				SWIFT_VERSION = 5.0;
				TARGETED_DEVICE_FAMILY = "1,2";
				TEST_TARGET_NAME = jbender_assignment5;
			};
			name = Debug;
		};
		FE7BDE1F25CFA57000CA961D /* Release */ = {
			isa = XCBuildConfiguration;
			buildSettings = {
				ALWAYS_EMBED_SWIFT_STANDARD_LIBRARIES = YES;
				CODE_SIGN_STYLE = Automatic;
				DEVELOPMENT_TEAM = 5RLU3KZ4X2;
				INFOPLIST_FILE = jbender_assignment5UITests/Info.plist;
				LD_RUNPATH_SEARCH_PATHS = (
					"$(inherited)",
					"@executable_path/Frameworks",
					"@loader_path/Frameworks",
				);
				PRODUCT_BUNDLE_IDENTIFIER = "jbender.jbender-assignment5UITests";
				PRODUCT_NAME = "$(TARGET_NAME)";
				SWIFT_VERSION = 5.0;
				TARGETED_DEVICE_FAMILY = "1,2";
				TEST_TARGET_NAME = jbender_assignment5;
			};
			name = Release;
		};
/* End XCBuildConfiguration section */

/* Begin XCConfigurationList section */
		FE7BDDE825CFA56D00CA961D /* Build configuration list for PBXProject "jbender_assignment5" */ = {
			isa = XCConfigurationList;
			buildConfigurations = (
				FE7BDE1525CFA57000CA961D /* Debug */,
				FE7BDE1625CFA57000CA961D /* Release */,
			);
			defaultConfigurationIsVisible = 0;
			defaultConfigurationName = Release;
		};
		FE7BDE1725CFA57000CA961D /* Build configuration list for PBXNativeTarget "jbender_assignment5" */ = {
			isa = XCConfigurationList;
			buildConfigurations = (
				FE7BDE1825CFA57000CA961D /* Debug */,
				FE7BDE1925CFA57000CA961D /* Release */,
			);
			defaultConfigurationIsVisible = 0;
			defaultConfigurationName = Release;
		};
		FE7BDE1A25CFA57000CA961D /* Build configuration list for PBXNativeTarget "jbender_assignment5Tests" */ = {
			isa = XCConfigurationList;
			buildConfigurations = (
				FE7BDE1B25CFA57000CA961D /* Debug */,
				FE7BDE1C25CFA57000CA961D /* Release */,
			);
			defaultConfigurationIsVisible = 0;
			defaultConfigurationName = Release;
		};
		FE7BDE1D25CFA57000CA961D /* Build configuration list for PBXNativeTarget "jbender_assignment5UITests" */ = {
			isa = XCConfigurationList;
			buildConfigurations = (
				FE7BDE1E25CFA57000CA961D /* Debug */,
				FE7BDE1F25CFA57000CA961D /* Release */,
			);
			defaultConfigurationIsVisible = 0;
			defaultConfigurationName = Release;
		};
/* End XCConfigurationList section */
	};
	rootObject = FE7BDDE525CFA56D00CA961D /* Project object */;
}
