// !$*UTF8*$!
{
	archiveVersion = 1;
	classes = {
	};
	objectVersion = 50;
	objects = {

/* Begin PBXBuildFile section */
		FE52F332241D8B3E00E072DC /* AppDelegate.swift in Sources */ = {isa = PBXBuildFile; fileRef = FE52F331241D8B3E00E072DC /* AppDelegate.swift */; };
		FE52F334241D8B3E00E072DC /* SceneDelegate.swift in Sources */ = {isa = PBXBuildFile; fileRef = FE52F333241D8B3E00E072DC /* SceneDelegate.swift */; };
		FE52F336241D8B3E00E072DC /* MasterViewController.swift in Sources */ = {isa = PBXBuildFile; fileRef = FE52F335241D8B3E00E072DC /* MasterViewController.swift */; };
		FE52F338241D8B3E00E072DC /* DetailViewController.swift in Sources */ = {isa = PBXBuildFile; fileRef = FE52F337241D8B3E00E072DC /* DetailViewController.swift */; };
		FE52F33B241D8B3E00E072DC /* Main.storyboard in Resources */ = {isa = PBXBuildFile; fileRef = FE52F339241D8B3E00E072DC /* Main.storyboard */; };
		FE52F33D241D8B3F00E072DC /* Assets.xcassets in Resources */ = {isa = PBXBuildFile; fileRef = FE52F33C241D8B3F00E072DC /* Assets.xcassets */; };
		FE52F340241D8B3F00E072DC /* LaunchScreen.storyboard in Resources */ = {isa = PBXBuildFile; fileRef = FE52F33E241D8B3F00E072DC /* LaunchScreen.storyboard */; };
		FE52F34B241D8B4000E072DC /* jbender_Assignment8Tests.swift in Sources */ = {isa = PBXBuildFile; fileRef = FE52F34A241D8B4000E072DC /* jbender_Assignment8Tests.swift */; };
		FE52F356241D8B4000E072DC /* jbender_Assignment8UITests.swift in Sources */ = {isa = PBXBuildFile; fileRef = FE52F355241D8B4000E072DC /* jbender_Assignment8UITests.swift */; };
/* End PBXBuildFile section */

/* Begin PBXContainerItemProxy section */
		FE52F347241D8B4000E072DC /* PBXContainerItemProxy */ = {
			isa = PBXContainerItemProxy;
			containerPortal = FE52F326241D8B3E00E072DC /* Project object */;
			proxyType = 1;
			remoteGlobalIDString = FE52F32D241D8B3E00E072DC;
			remoteInfo = jbender_Assignment8;
		};
		FE52F352241D8B4000E072DC /* PBXContainerItemProxy */ = {
			isa = PBXContainerItemProxy;
			containerPortal = FE52F326241D8B3E00E072DC /* Project object */;
			proxyType = 1;
			remoteGlobalIDString = FE52F32D241D8B3E00E072DC;
			remoteInfo = jbender_Assignment8;
		};
/* End PBXContainerItemProxy section */

/* Begin PBXFileReference section */
		FE52F32E241D8B3E00E072DC /* jbender_Assignment8.app */ = {isa = PBXFileReference; explicitFileType = wrapper.application; includeInIndex = 0; path = jbender_Assignment8.app; sourceTree = BUILT_PRODUCTS_DIR; };
		FE52F331241D8B3E00E072DC /* AppDelegate.swift */ = {isa = PBXFileReference; lastKnownFileType = sourcecode.swift; path = AppDelegate.swift; sourceTree = "<group>"; };
		FE52F333241D8B3E00E072DC /* SceneDelegate.swift */ = {isa = PBXFileReference; lastKnownFileType = sourcecode.swift; path = SceneDelegate.swift; sourceTree = "<group>"; };
		FE52F335241D8B3E00E072DC /* MasterViewController.swift */ = {isa = PBXFileReference; lastKnownFileType = sourcecode.swift; path = MasterViewController.swift; sourceTree = "<group>"; };
		FE52F337241D8B3E00E072DC /* DetailViewController.swift */ = {isa = PBXFileReference; lastKnownFileType = sourcecode.swift; path = DetailViewController.swift; sourceTree = "<group>"; };
		FE52F33A241D8B3E00E072DC /* Base */ = {isa = PBXFileReference; lastKnownFileType = file.storyboard; name = Base; path = Base.lproj/Main.storyboard; sourceTree = "<group>"; };
		FE52F33C241D8B3F00E072DC /* Assets.xcassets */ = {isa = PBXFileReference; lastKnownFileType = folder.assetcatalog; path = Assets.xcassets; sourceTree = "<group>"; };
		FE52F33F241D8B3F00E072DC /* Base */ = {isa = PBXFileReference; lastKnownFileType = file.storyboard; name = Base; path = Base.lproj/LaunchScreen.storyboard; sourceTree = "<group>"; };
		FE52F341241D8B3F00E072DC /* Info.plist */ = {isa = PBXFileReference; lastKnownFileType = text.plist.xml; path = Info.plist; sourceTree = "<group>"; };
		FE52F346241D8B4000E072DC /* jbender_Assignment8Tests.xctest */ = {isa = PBXFileReference; explicitFileType = wrapper.cfbundle; includeInIndex = 0; path = jbender_Assignment8Tests.xctest; sourceTree = BUILT_PRODUCTS_DIR; };
		FE52F34A241D8B4000E072DC /* jbender_Assignment8Tests.swift */ = {isa = PBXFileReference; lastKnownFileType = sourcecode.swift; path = jbender_Assignment8Tests.swift; sourceTree = "<group>"; };
		FE52F34C241D8B4000E072DC /* Info.plist */ = {isa = PBXFileReference; lastKnownFileType = text.plist.xml; path = Info.plist; sourceTree = "<group>"; };
		FE52F351241D8B4000E072DC /* jbender_Assignment8UITests.xctest */ = {isa = PBXFileReference; explicitFileType = wrapper.cfbundle; includeInIndex = 0; path = jbender_Assignment8UITests.xctest; sourceTree = BUILT_PRODUCTS_DIR; };
		FE52F355241D8B4000E072DC /* jbender_Assignment8UITests.swift */ = {isa = PBXFileReference; lastKnownFileType = sourcecode.swift; path = jbender_Assignment8UITests.swift; sourceTree = "<group>"; };
		FE52F357241D8B4000E072DC /* Info.plist */ = {isa = PBXFileReference; lastKnownFileType = text.plist.xml; path = Info.plist; sourceTree = "<group>"; };
/* End PBXFileReference section */

/* Begin PBXFrameworksBuildPhase section */
		FE52F32B241D8B3E00E072DC /* Frameworks */ = {
			isa = PBXFrameworksBuildPhase;
			buildActionMask = 2147483647;
			files = (
			);
			runOnlyForDeploymentPostprocessing = 0;
		};
		FE52F343241D8B4000E072DC /* Frameworks */ = {
			isa = PBXFrameworksBuildPhase;
			buildActionMask = 2147483647;
			files = (
			);
			runOnlyForDeploymentPostprocessing = 0;
		};
		FE52F34E241D8B4000E072DC /* Frameworks */ = {
			isa = PBXFrameworksBuildPhase;
			buildActionMask = 2147483647;
			files = (
			);
			runOnlyForDeploymentPostprocessing = 0;
		};
/* End PBXFrameworksBuildPhase section */

/* Begin PBXGroup section */
		FE52F325241D8B3E00E072DC = {
			isa = PBXGroup;
			children = (
				FE52F330241D8B3E00E072DC /* jbender_Assignment8 */,
				FE52F349241D8B4000E072DC /* jbender_Assignment8Tests */,
				FE52F354241D8B4000E072DC /* jbender_Assignment8UITests */,
				FE52F32F241D8B3E00E072DC /* Products */,
			);
			sourceTree = "<group>";
		};
		FE52F32F241D8B3E00E072DC /* Products */ = {
			isa = PBXGroup;
			children = (
				FE52F32E241D8B3E00E072DC /* jbender_Assignment8.app */,
				FE52F346241D8B4000E072DC /* jbender_Assignment8Tests.xctest */,
				FE52F351241D8B4000E072DC /* jbender_Assignment8UITests.xctest */,
			);
			name = Products;
			sourceTree = "<group>";
		};
		FE52F330241D8B3E00E072DC /* jbender_Assignment8 */ = {
			isa = PBXGroup;
			children = (
				FE52F331241D8B3E00E072DC /* AppDelegate.swift */,
				FE52F333241D8B3E00E072DC /* SceneDelegate.swift */,
				FE52F335241D8B3E00E072DC /* MasterViewController.swift */,
				FE52F337241D8B3E00E072DC /* DetailViewController.swift */,
				FE52F339241D8B3E00E072DC /* Main.storyboard */,
				FE52F33C241D8B3F00E072DC /* Assets.xcassets */,
				FE52F33E241D8B3F00E072DC /* LaunchScreen.storyboard */,
				FE52F341241D8B3F00E072DC /* Info.plist */,
			);
			path = jbender_Assignment8;
			sourceTree = "<group>";
		};
		FE52F349241D8B4000E072DC /* jbender_Assignment8Tests */ = {
			isa = PBXGroup;
			children = (
				FE52F34A241D8B4000E072DC /* jbender_Assignment8Tests.swift */,
				FE52F34C241D8B4000E072DC /* Info.plist */,
			);
			path = jbender_Assignment8Tests;
			sourceTree = "<group>";
		};
		FE52F354241D8B4000E072DC /* jbender_Assignment8UITests */ = {
			isa = PBXGroup;
			children = (
				FE52F355241D8B4000E072DC /* jbender_Assignment8UITests.swift */,
				FE52F357241D8B4000E072DC /* Info.plist */,
			);
			path = jbender_Assignment8UITests;
			sourceTree = "<group>";
		};
/* End PBXGroup section */

/* Begin PBXNativeTarget section */
		FE52F32D241D8B3E00E072DC /* jbender_Assignment8 */ = {
			isa = PBXNativeTarget;
			buildConfigurationList = FE52F35A241D8B4000E072DC /* Build configuration list for PBXNativeTarget "jbender_Assignment8" */;
			buildPhases = (
				FE52F32A241D8B3E00E072DC /* Sources */,
				FE52F32B241D8B3E00E072DC /* Frameworks */,
				FE52F32C241D8B3E00E072DC /* Resources */,
			);
			buildRules = (
			);
			dependencies = (
			);
			name = jbender_Assignment8;
			productName = jbender_Assignment8;
			productReference = FE52F32E241D8B3E00E072DC /* jbender_Assignment8.app */;
			productType = "com.apple.product-type.application";
		};
		FE52F345241D8B4000E072DC /* jbender_Assignment8Tests */ = {
			isa = PBXNativeTarget;
			buildConfigurationList = FE52F35D241D8B4000E072DC /* Build configuration list for PBXNativeTarget "jbender_Assignment8Tests" */;
			buildPhases = (
				FE52F342241D8B4000E072DC /* Sources */,
				FE52F343241D8B4000E072DC /* Frameworks */,
				FE52F344241D8B4000E072DC /* Resources */,
			);
			buildRules = (
			);
			dependencies = (
				FE52F348241D8B4000E072DC /* PBXTargetDependency */,
			);
			name = jbender_Assignment8Tests;
			productName = jbender_Assignment8Tests;
			productReference = FE52F346241D8B4000E072DC /* jbender_Assignment8Tests.xctest */;
			productType = "com.apple.product-type.bundle.unit-test";
		};
		FE52F350241D8B4000E072DC /* jbender_Assignment8UITests */ = {
			isa = PBXNativeTarget;
			buildConfigurationList = FE52F360241D8B4000E072DC /* Build configuration list for PBXNativeTarget "jbender_Assignment8UITests" */;
			buildPhases = (
				FE52F34D241D8B4000E072DC /* Sources */,
				FE52F34E241D8B4000E072DC /* Frameworks */,
				FE52F34F241D8B4000E072DC /* Resources */,
			);
			buildRules = (
			);
			dependencies = (
				FE52F353241D8B4000E072DC /* PBXTargetDependency */,
			);
			name = jbender_Assignment8UITests;
			productName = jbender_Assignment8UITests;
			productReference = FE52F351241D8B4000E072DC /* jbender_Assignment8UITests.xctest */;
			productType = "com.apple.product-type.bundle.ui-testing";
		};
/* End PBXNativeTarget section */

/* Begin PBXProject section */
		FE52F326241D8B3E00E072DC /* Project object */ = {
			isa = PBXProject;
			attributes = {
				LastSwiftUpdateCheck = 1130;
				LastUpgradeCheck = 1230;
				ORGANIZATIONNAME = "Jessica Bender";
				TargetAttributes = {
					FE52F32D241D8B3E00E072DC = {
						CreatedOnToolsVersion = 11.3.1;
					};
					FE52F345241D8B4000E072DC = {
						CreatedOnToolsVersion = 11.3.1;
						TestTargetID = FE52F32D241D8B3E00E072DC;
					};
					FE52F350241D8B4000E072DC = {
						CreatedOnToolsVersion = 11.3.1;
						TestTargetID = FE52F32D241D8B3E00E072DC;
					};
				};
			};
			buildConfigurationList = FE52F329241D8B3E00E072DC /* Build configuration list for PBXProject "jbender_Assignment8" */;
			compatibilityVersion = "Xcode 9.3";
			developmentRegion = en;
			hasScannedForEncodings = 0;
			knownRegions = (
				en,
				Base,
			);
			mainGroup = FE52F325241D8B3E00E072DC;
			productRefGroup = FE52F32F241D8B3E00E072DC /* Products */;
			projectDirPath = "";
			projectRoot = "";
			targets = (
				FE52F32D241D8B3E00E072DC /* jbender_Assignment8 */,
				FE52F345241D8B4000E072DC /* jbender_Assignment8Tests */,
				FE52F350241D8B4000E072DC /* jbender_Assignment8UITests */,
			);
		};
/* End PBXProject section */

/* Begin PBXResourcesBuildPhase section */
		FE52F32C241D8B3E00E072DC /* Resources */ = {
			isa = PBXResourcesBuildPhase;
			buildActionMask = 2147483647;
			files = (
				FE52F340241D8B3F00E072DC /* LaunchScreen.storyboard in Resources */,
				FE52F33D241D8B3F00E072DC /* Assets.xcassets in Resources */,
				FE52F33B241D8B3E00E072DC /* Main.storyboard in Resources */,
			);
			runOnlyForDeploymentPostprocessing = 0;
		};
		FE52F344241D8B4000E072DC /* Resources */ = {
			isa = PBXResourcesBuildPhase;
			buildActionMask = 2147483647;
			files = (
			);
			runOnlyForDeploymentPostprocessing = 0;
		};
		FE52F34F241D8B4000E072DC /* Resources */ = {
			isa = PBXResourcesBuildPhase;
			buildActionMask = 2147483647;
			files = (
			);
			runOnlyForDeploymentPostprocessing = 0;
		};
/* End PBXResourcesBuildPhase section */

/* Begin PBXSourcesBuildPhase section */
		FE52F32A241D8B3E00E072DC /* Sources */ = {
			isa = PBXSourcesBuildPhase;
			buildActionMask = 2147483647;
			files = (
				FE52F332241D8B3E00E072DC /* AppDelegate.swift in Sources */,
				FE52F334241D8B3E00E072DC /* SceneDelegate.swift in Sources */,
				FE52F336241D8B3E00E072DC /* MasterViewController.swift in Sources */,
				FE52F338241D8B3E00E072DC /* DetailViewController.swift in Sources */,
			);
			runOnlyForDeploymentPostprocessing = 0;
		};
		FE52F342241D8B4000E072DC /* Sources */ = {
			isa = PBXSourcesBuildPhase;
			buildActionMask = 2147483647;
			files = (
				FE52F34B241D8B4000E072DC /* jbender_Assignment8Tests.swift in Sources */,
			);
			runOnlyForDeploymentPostprocessing = 0;
		};
		FE52F34D241D8B4000E072DC /* Sources */ = {
			isa = PBXSourcesBuildPhase;
			buildActionMask = 2147483647;
			files = (
				FE52F356241D8B4000E072DC /* jbender_Assignment8UITests.swift in Sources */,
			);
			runOnlyForDeploymentPostprocessing = 0;
		};
/* End PBXSourcesBuildPhase section */

/* Begin PBXTargetDependency section */
		FE52F348241D8B4000E072DC /* PBXTargetDependency */ = {
			isa = PBXTargetDependency;
			target = FE52F32D241D8B3E00E072DC /* jbender_Assignment8 */;
			targetProxy = FE52F347241D8B4000E072DC /* PBXContainerItemProxy */;
		};
		FE52F353241D8B4000E072DC /* PBXTargetDependency */ = {
			isa = PBXTargetDependency;
			target = FE52F32D241D8B3E00E072DC /* jbender_Assignment8 */;
			targetProxy = FE52F352241D8B4000E072DC /* PBXContainerItemProxy */;
		};
/* End PBXTargetDependency section */

/* Begin PBXVariantGroup section */
		FE52F339241D8B3E00E072DC /* Main.storyboard */ = {
			isa = PBXVariantGroup;
			children = (
				FE52F33A241D8B3E00E072DC /* Base */,
			);
			name = Main.storyboard;
			sourceTree = "<group>";
		};
		FE52F33E241D8B3F00E072DC /* LaunchScreen.storyboard */ = {
			isa = PBXVariantGroup;
			children = (
				FE52F33F241D8B3F00E072DC /* Base */,
			);
			name = LaunchScreen.storyboard;
			sourceTree = "<group>";
		};
/* End PBXVariantGroup section */

/* Begin XCBuildConfiguration section */
		FE52F358241D8B4000E072DC /* Debug */ = {
			isa = XCBuildConfiguration;
			buildSettings = {
				ALWAYS_SEARCH_USER_PATHS = NO;
				CLANG_ANALYZER_NONNULL = YES;
				CLANG_ANALYZER_NUMBER_OBJECT_CONVERSION = YES_AGGRESSIVE;
				CLANG_CXX_LANGUAGE_STANDARD = "gnu++14";
				CLANG_CXX_LIBRARY = "libc++";
				CLANG_ENABLE_MODULES = YES;
				CLANG_ENABLE_OBJC_ARC = YES;
				CLANG_ENABLE_OBJC_WEAK = YES;
				CLANG_WARN_BLOCK_CAPTURE_AUTORELEASING = YES;
				CLANG_WARN_BOOL_CONVERSION = YES;
				CLANG_WARN_COMMA = YES;
				CLANG_WARN_CONSTANT_CONVERSION = YES;
				CLANG_WARN_DEPRECATED_OBJC_IMPLEMENTATIONS = YES;
				CLANG_WARN_DIRECT_OBJC_ISA_USAGE = YES_ERROR;
				CLANG_WARN_DOCUMENTATION_COMMENTS = YES;
				CLANG_WARN_EMPTY_BODY = YES;
				CLANG_WARN_ENUM_CONVERSION = YES;
				CLANG_WARN_INFINITE_RECURSION = YES;
				CLANG_WARN_INT_CONVERSION = YES;
				CLANG_WARN_NON_LITERAL_NULL_CONVERSION = YES;
				CLANG_WARN_OBJC_IMPLICIT_RETAIN_SELF = YES;
				CLANG_WARN_OBJC_LITERAL_CONVERSION = YES;
				CLANG_WARN_OBJC_ROOT_CLASS = YES_ERROR;
				CLANG_WARN_QUOTED_INCLUDE_IN_FRAMEWORK_HEADER = YES;
				CLANG_WARN_RANGE_LOOP_ANALYSIS = YES;
				CLANG_WARN_STRICT_PROTOTYPES = YES;
				CLANG_WARN_SUSPICIOUS_MOVE = YES;
				CLANG_WARN_UNGUARDED_AVAILABILITY = YES_AGGRESSIVE;
				CLANG_WARN_UNREACHABLE_CODE = YES;
				CLANG_WARN__DUPLICATE_METHOD_MATCH = YES;
				COPY_PHASE_STRIP = NO;
				DEBUG_INFORMATION_FORMAT = dwarf;
				ENABLE_STRICT_OBJC_MSGSEND = YES;
				ENABLE_TESTABILITY = YES;
				GCC_C_LANGUAGE_STANDARD = gnu11;
				GCC_DYNAMIC_NO_PIC = NO;
				GCC_NO_COMMON_BLOCKS = YES;
				GCC_OPTIMIZATION_LEVEL = 0;
				GCC_PREPROCESSOR_DEFINITIONS = (
					"DEBUG=1",
					"$(inherited)",
				);
				GCC_WARN_64_TO_32_BIT_CONVERSION = YES;
				GCC_WARN_ABOUT_RETURN_TYPE = YES_ERROR;
				GCC_WARN_UNDECLARED_SELECTOR = YES;
				GCC_WARN_UNINITIALIZED_AUTOS = YES_AGGRESSIVE;
				GCC_WARN_UNUSED_FUNCTION = YES;
				GCC_WARN_UNUSED_VARIABLE = YES;
				IPHONEOS_DEPLOYMENT_TARGET = 13.2;
				MTL_ENABLE_DEBUG_INFO = INCLUDE_SOURCE;
				MTL_FAST_MATH = YES;
				ONLY_ACTIVE_ARCH = YES;
				SDKROOT = iphoneos;
				SWIFT_ACTIVE_COMPILATION_CONDITIONS = DEBUG;
				SWIFT_OPTIMIZATION_LEVEL = "-Onone";
			};
			name = Debug;
		};
		FE52F359241D8B4000E072DC /* Release */ = {
			isa = XCBuildConfiguration;
			buildSettings = {
				ALWAYS_SEARCH_USER_PATHS = NO;
				CLANG_ANALYZER_NONNULL = YES;
				CLANG_ANALYZER_NUMBER_OBJECT_CONVERSION = YES_AGGRESSIVE;
				CLANG_CXX_LANGUAGE_STANDARD = "gnu++14";
				CLANG_CXX_LIBRARY = "libc++";
				CLANG_ENABLE_MODULES = YES;
				CLANG_ENABLE_OBJC_ARC = YES;
				CLANG_ENABLE_OBJC_WEAK = YES;
				CLANG_WARN_BLOCK_CAPTURE_AUTORELEASING = YES;
				CLANG_WARN_BOOL_CONVERSION = YES;
				CLANG_WARN_COMMA = YES;
				CLANG_WARN_CONSTANT_CONVERSION = YES;
				CLANG_WARN_DEPRECATED_OBJC_IMPLEMENTATIONS = YES;
				CLANG_WARN_DIRECT_OBJC_ISA_USAGE = YES_ERROR;
				CLANG_WARN_DOCUMENTATION_COMMENTS = YES;
				CLANG_WARN_EMPTY_BODY = YES;
				CLANG_WARN_ENUM_CONVERSION = YES;
				CLANG_WARN_INFINITE_RECURSION = YES;
				CLANG_WARN_INT_CONVERSION = YES;
				CLANG_WARN_NON_LITERAL_NULL_CONVERSION = YES;
				CLANG_WARN_OBJC_IMPLICIT_RETAIN_SELF = YES;
				CLANG_WARN_OBJC_LITERAL_CONVERSION = YES;
				CLANG_WARN_OBJC_ROOT_CLASS = YES_ERROR;
				CLANG_WARN_QUOTED_INCLUDE_IN_FRAMEWORK_HEADER = YES;
				CLANG_WARN_RANGE_LOOP_ANALYSIS = YES;
				CLANG_WARN_STRICT_PROTOTYPES = YES;
				CLANG_WARN_SUSPICIOUS_MOVE = YES;
				CLANG_WARN_UNGUARDED_AVAILABILITY = YES_AGGRESSIVE;
				CLANG_WARN_UNREACHABLE_CODE = YES;
				CLANG_WARN__DUPLICATE_METHOD_MATCH = YES;
				COPY_PHASE_STRIP = NO;
				DEBUG_INFORMATION_FORMAT = "dwarf-with-dsym";
				ENABLE_NS_ASSERTIONS = NO;
				ENABLE_STRICT_OBJC_MSGSEND = YES;
				GCC_C_LANGUAGE_STANDARD = gnu11;
				GCC_NO_COMMON_BLOCKS = YES;
				GCC_WARN_64_TO_32_BIT_CONVERSION = YES;
				GCC_WARN_ABOUT_RETURN_TYPE = YES_ERROR;
				GCC_WARN_UNDECLARED_SELECTOR = YES;
				GCC_WARN_UNINITIALIZED_AUTOS = YES_AGGRESSIVE;
				GCC_WARN_UNUSED_FUNCTION = YES;
				GCC_WARN_UNUSED_VARIABLE = YES;
				IPHONEOS_DEPLOYMENT_TARGET = 13.2;
				MTL_ENABLE_DEBUG_INFO = NO;
				MTL_FAST_MATH = YES;
				SDKROOT = iphoneos;
				SWIFT_COMPILATION_MODE = wholemodule;
				SWIFT_OPTIMIZATION_LEVEL = "-O";
				VALIDATE_PRODUCT = YES;
			};
			name = Release;
		};
		FE52F35B241D8B4000E072DC /* Debug */ = {
			isa = XCBuildConfiguration;
			buildSettings = {
				ASSETCATALOG_COMPILER_APPICON_NAME = AppIcon;
				CODE_SIGN_STYLE = Automatic;
				DEVELOPMENT_TEAM = 5RLU3KZ4X2;
				INFOPLIST_FILE = jbender_Assignment8/Info.plist;
				LD_RUNPATH_SEARCH_PATHS = (
					"$(inherited)",
					"@executable_path/Frameworks",
				);
				PRODUCT_BUNDLE_IDENTIFIER = "jbender.jbender-Assignment8";
				PRODUCT_NAME = "$(TARGET_NAME)";
				SWIFT_VERSION = 5.0;
				TARGETED_DEVICE_FAMILY = "1,2";
			};
			name = Debug;
		};
		FE52F35C241D8B4000E072DC /* Release */ = {
			isa = XCBuildConfiguration;
			buildSettings = {
				ASSETCATALOG_COMPILER_APPICON_NAME = AppIcon;
				CODE_SIGN_STYLE = Automatic;
				DEVELOPMENT_TEAM = 5RLU3KZ4X2;
				INFOPLIST_FILE = jbender_Assignment8/Info.plist;
				LD_RUNPATH_SEARCH_PATHS = (
					"$(inherited)",
					"@executable_path/Frameworks",
				);
				PRODUCT_BUNDLE_IDENTIFIER = "jbender.jbender-Assignment8";
				PRODUCT_NAME = "$(TARGET_NAME)";
				SWIFT_VERSION = 5.0;
				TARGETED_DEVICE_FAMILY = "1,2";
			};
			name = Release;
		};
		FE52F35E241D8B4000E072DC /* Debug */ = {
			isa = XCBuildConfiguration;
			buildSettings = {
				ALWAYS_EMBED_SWIFT_STANDARD_LIBRARIES = YES;
				BUNDLE_LOADER = "$(TEST_HOST)";
				CODE_SIGN_STYLE = Automatic;
				DEVELOPMENT_TEAM = 5RLU3KZ4X2;
				INFOPLIST_FILE = jbender_Assignment8Tests/Info.plist;
				IPHONEOS_DEPLOYMENT_TARGET = 13.2;
				LD_RUNPATH_SEARCH_PATHS = (
					"$(inherited)",
					"@executable_path/Frameworks",
					"@loader_path/Frameworks",
				);
				PRODUCT_BUNDLE_IDENTIFIER = "jbender.jbender-Assignment8Tests";
				PRODUCT_NAME = "$(TARGET_NAME)";
				SWIFT_VERSION = 5.0;
				TARGETED_DEVICE_FAMILY = "1,2";
				TEST_HOST = "$(BUILT_PRODUCTS_DIR)/jbender_Assignment8.app/jbender_Assignment8";
			};
			name = Debug;
		};
		FE52F35F241D8B4000E072DC /* Release */ = {
			isa = XCBuildConfiguration;
			buildSettings = {
				ALWAYS_EMBED_SWIFT_STANDARD_LIBRARIES = YES;
				BUNDLE_LOADER = "$(TEST_HOST)";
				CODE_SIGN_STYLE = Automatic;
				DEVELOPMENT_TEAM = 5RLU3KZ4X2;
				INFOPLIST_FILE = jbender_Assignment8Tests/Info.plist;
				IPHONEOS_DEPLOYMENT_TARGET = 13.2;
				LD_RUNPATH_SEARCH_PATHS = (
					"$(inherited)",
					"@executable_path/Frameworks",
					"@loader_path/Frameworks",
				);
				PRODUCT_BUNDLE_IDENTIFIER = "jbender.jbender-Assignment8Tests";
				PRODUCT_NAME = "$(TARGET_NAME)";
				SWIFT_VERSION = 5.0;
				TARGETED_DEVICE_FAMILY = "1,2";
				TEST_HOST = "$(BUILT_PRODUCTS_DIR)/jbender_Assignment8.app/jbender_Assignment8";
			};
			name = Release;
		};
		FE52F361241D8B4000E072DC /* Debug */ = {
			isa = XCBuildConfiguration;
			buildSettings = {
				ALWAYS_EMBED_SWIFT_STANDARD_LIBRARIES = YES;
				CODE_SIGN_STYLE = Automatic;
				DEVELOPMENT_TEAM = 5RLU3KZ4X2;
				INFOPLIST_FILE = jbender_Assignment8UITests/Info.plist;
				LD_RUNPATH_SEARCH_PATHS = (
					"$(inherited)",
					"@executable_path/Frameworks",
					"@loader_path/Frameworks",
				);
				PRODUCT_BUNDLE_IDENTIFIER = "jbender.jbender-Assignment8UITests";
				PRODUCT_NAME = "$(TARGET_NAME)";
				SWIFT_VERSION = 5.0;
				TARGETED_DEVICE_FAMILY = "1,2";
				TEST_TARGET_NAME = jbender_Assignment8;
			};
			name = Debug;
		};
		FE52F362241D8B4000E072DC /* Release */ = {
			isa = XCBuildConfiguration;
			buildSettings = {
				ALWAYS_EMBED_SWIFT_STANDARD_LIBRARIES = YES;
				CODE_SIGN_STYLE = Automatic;
				DEVELOPMENT_TEAM = 5RLU3KZ4X2;
				INFOPLIST_FILE = jbender_Assignment8UITests/Info.plist;
				LD_RUNPATH_SEARCH_PATHS = (
					"$(inherited)",
					"@executable_path/Frameworks",
					"@loader_path/Frameworks",
				);
				PRODUCT_BUNDLE_IDENTIFIER = "jbender.jbender-Assignment8UITests";
				PRODUCT_NAME = "$(TARGET_NAME)";
				SWIFT_VERSION = 5.0;
				TARGETED_DEVICE_FAMILY = "1,2";
				TEST_TARGET_NAME = jbender_Assignment8;
			};
			name = Release;
		};
/* End XCBuildConfiguration section */

/* Begin XCConfigurationList section */
		FE52F329241D8B3E00E072DC /* Build configuration list for PBXProject "jbender_Assignment8" */ = {
			isa = XCConfigurationList;
			buildConfigurations = (
				FE52F358241D8B4000E072DC /* Debug */,
				FE52F359241D8B4000E072DC /* Release */,
			);
			defaultConfigurationIsVisible = 0;
			defaultConfigurationName = Release;
		};
		FE52F35A241D8B4000E072DC /* Build configuration list for PBXNativeTarget "jbender_Assignment8" */ = {
			isa = XCConfigurationList;
			buildConfigurations = (
				FE52F35B241D8B4000E072DC /* Debug */,
				FE52F35C241D8B4000E072DC /* Release */,
			);
			defaultConfigurationIsVisible = 0;
			defaultConfigurationName = Release;
		};
		FE52F35D241D8B4000E072DC /* Build configuration list for PBXNativeTarget "jbender_Assignment8Tests" */ = {
			isa = XCConfigurationList;
			buildConfigurations = (
				FE52F35E241D8B4000E072DC /* Debug */,
				FE52F35F241D8B4000E072DC /* Release */,
			);
			defaultConfigurationIsVisible = 0;
			defaultConfigurationName = Release;
		};
		FE52F360241D8B4000E072DC /* Build configuration list for PBXNativeTarget "jbender_Assignment8UITests" */ = {
			isa = XCConfigurationList;
			buildConfigurations = (
				FE52F361241D8B4000E072DC /* Debug */,
				FE52F362241D8B4000E072DC /* Release */,
			);
			defaultConfigurationIsVisible = 0;
			defaultConfigurationName = Release;
		};
/* End XCConfigurationList section */
	};
	rootObject = FE52F326241D8B3E00E072DC /* Project object */;
}
