// !$*UTF8*$!
{
	archiveVersion = 1;
	classes = {
	};
	objectVersion = 50;
	objects = {

/* Begin PBXBuildFile section */
		16D4F93A23AD9C35002C6426 /* AppDelegate.swift in Sources */ = {isa = PBXBuildFile; fileRef = 16D4F93923AD9C35002C6426 /* AppDelegate.swift */; };
		16D4F93C23AD9C35002C6426 /* SceneDelegate.swift in Sources */ = {isa = PBXBuildFile; fileRef = 16D4F93B23AD9C35002C6426 /* SceneDelegate.swift */; };
		16D4F93E23AD9C35002C6426 /* ViewController.swift in Sources */ = {isa = PBXBuildFile; fileRef = 16D4F93D23AD9C35002C6426 /* ViewController.swift */; };
		16D4F94123AD9C35002C6426 /* Main.storyboard in Resources */ = {isa = PBXBuildFile; fileRef = 16D4F93F23AD9C35002C6426 /* Main.storyboard */; };
		16D4F94323AD9C37002C6426 /* Assets.xcassets in Resources */ = {isa = PBXBuildFile; fileRef = 16D4F94223AD9C37002C6426 /* Assets.xcassets */; };
		16D4F94623AD9C37002C6426 /* LaunchScreen.storyboard in Resources */ = {isa = PBXBuildFile; fileRef = 16D4F94423AD9C37002C6426 /* LaunchScreen.storyboard */; };
/* End PBXBuildFile section */

/* Begin PBXFileReference section */
		16D4F93623AD9C35002C6426 /* Image - Chicago - SB.app */ = {isa = PBXFileReference; explicitFileType = wrapper.application; includeInIndex = 0; path = "Image - Chicago - SB.app"; sourceTree = BUILT_PRODUCTS_DIR; };
		16D4F93923AD9C35002C6426 /* AppDelegate.swift */ = {isa = PBXFileReference; lastKnownFileType = sourcecode.swift; path = AppDelegate.swift; sourceTree = "<group>"; };
		16D4F93B23AD9C35002C6426 /* SceneDelegate.swift */ = {isa = PBXFileReference; lastKnownFileType = sourcecode.swift; path = SceneDelegate.swift; sourceTree = "<group>"; };
		16D4F93D23AD9C35002C6426 /* ViewController.swift */ = {isa = PBXFileReference; lastKnownFileType = sourcecode.swift; path = ViewController.swift; sourceTree = "<group>"; };
		16D4F94023AD9C35002C6426 /* Base */ = {isa = PBXFileReference; lastKnownFileType = file.storyboard; name = Base; path = Base.lproj/Main.storyboard; sourceTree = "<group>"; };
		16D4F94223AD9C37002C6426 /* Assets.xcassets */ = {isa = PBXFileReference; lastKnownFileType = folder.assetcatalog; path = Assets.xcassets; sourceTree = "<group>"; };
		16D4F94523AD9C37002C6426 /* Base */ = {isa = PBXFileReference; lastKnownFileType = file.storyboard; name = Base; path = Base.lproj/LaunchScreen.storyboard; sourceTree = "<group>"; };
		16D4F94723AD9C37002C6426 /* Info.plist */ = {isa = PBXFileReference; lastKnownFileType = text.plist.xml; path = Info.plist; sourceTree = "<group>"; };
/* End PBXFileReference section */

/* Begin PBXFrameworksBuildPhase section */
		16D4F93323AD9C35002C6426 /* Frameworks */ = {
			isa = PBXFrameworksBuildPhase;
			buildActionMask = 2147483647;
			files = (
			);
			runOnlyForDeploymentPostprocessing = 0;
		};
/* End PBXFrameworksBuildPhase section */

/* Begin PBXGroup section */
		16D4F92D23AD9C35002C6426 = {
			isa = PBXGroup;
			children = (
				16D4F93823AD9C35002C6426 /* Image - Chicago - SB */,
				16D4F93723AD9C35002C6426 /* Products */,
			);
			sourceTree = "<group>";
		};
		16D4F93723AD9C35002C6426 /* Products */ = {
			isa = PBXGroup;
			children = (
				16D4F93623AD9C35002C6426 /* Image - Chicago - SB.app */,
			);
			name = Products;
			sourceTree = "<group>";
		};
		16D4F93823AD9C35002C6426 /* Image - Chicago - SB */ = {
			isa = PBXGroup;
			children = (
				16D4F93923AD9C35002C6426 /* AppDelegate.swift */,
				16D4F93B23AD9C35002C6426 /* SceneDelegate.swift */,
				16D4F93D23AD9C35002C6426 /* ViewController.swift */,
				16D4F93F23AD9C35002C6426 /* Main.storyboard */,
				16D4F94223AD9C37002C6426 /* Assets.xcassets */,
				16D4F94423AD9C37002C6426 /* LaunchScreen.storyboard */,
				16D4F94723AD9C37002C6426 /* Info.plist */,
			);
			path = "Image - Chicago - SB";
			sourceTree = "<group>";
		};
/* End PBXGroup section */

/* Begin PBXNativeTarget section */
		16D4F93523AD9C35002C6426 /* Image - Chicago - SB */ = {
			isa = PBXNativeTarget;
			buildConfigurationList = 16D4F94A23AD9C37002C6426 /* Build configuration list for PBXNativeTarget "Image - Chicago - SB" */;
			buildPhases = (
				16D4F93223AD9C35002C6426 /* Sources */,
				16D4F93323AD9C35002C6426 /* Frameworks */,
				16D4F93423AD9C35002C6426 /* Resources */,
			);
			buildRules = (
			);
			dependencies = (
			);
			name = "Image - Chicago - SB";
			productName = "Image - Chicago - SB";
			productReference = 16D4F93623AD9C35002C6426 /* Image - Chicago - SB.app */;
			productType = "com.apple.product-type.application";
		};
/* End PBXNativeTarget section */

/* Begin PBXProject section */
		16D4F92E23AD9C35002C6426 /* Project object */ = {
			isa = PBXProject;
			attributes = {
				LastSwiftUpdateCheck = 1130;
				LastUpgradeCheck = 1220;
				ORGANIZATIONNAME = "DePaul University";
				TargetAttributes = {
					16D4F93523AD9C35002C6426 = {
						CreatedOnToolsVersion = 11.3;
					};
				};
			};
			buildConfigurationList = 16D4F93123AD9C35002C6426 /* Build configuration list for PBXProject "Image - Chicago - SB" */;
			compatibilityVersion = "Xcode 9.3";
			developmentRegion = en;
			hasScannedForEncodings = 0;
			knownRegions = (
				en,
				Base,
			);
			mainGroup = 16D4F92D23AD9C35002C6426;
			productRefGroup = 16D4F93723AD9C35002C6426 /* Products */;
			projectDirPath = "";
			projectRoot = "";
			targets = (
				16D4F93523AD9C35002C6426 /* Image - Chicago - SB */,
			);
		};
/* End PBXProject section */

/* Begin PBXResourcesBuildPhase section */
		16D4F93423AD9C35002C6426 /* Resources */ = {
			isa = PBXResourcesBuildPhase;
			buildActionMask = 2147483647;
			files = (
				16D4F94623AD9C37002C6426 /* LaunchScreen.storyboard in Resources */,
				16D4F94323AD9C37002C6426 /* Assets.xcassets in Resources */,
				16D4F94123AD9C35002C6426 /* Main.storyboard in Resources */,
			);
			runOnlyForDeploymentPostprocessing = 0;
		};
/* End PBXResourcesBuildPhase section */

/* Begin PBXSourcesBuildPhase section */
		16D4F93223AD9C35002C6426 /* Sources */ = {
			isa = PBXSourcesBuildPhase;
			buildActionMask = 2147483647;
			files = (
				16D4F93E23AD9C35002C6426 /* ViewController.swift in Sources */,
				16D4F93A23AD9C35002C6426 /* AppDelegate.swift in Sources */,
				16D4F93C23AD9C35002C6426 /* SceneDelegate.swift in Sources */,
			);
			runOnlyForDeploymentPostprocessing = 0;
		};
/* End PBXSourcesBuildPhase section */

/* Begin PBXVariantGroup section */
		16D4F93F23AD9C35002C6426 /* Main.storyboard */ = {
			isa = PBXVariantGroup;
			children = (
				16D4F94023AD9C35002C6426 /* Base */,
			);
			name = Main.storyboard;
			sourceTree = "<group>";
		};
		16D4F94423AD9C37002C6426 /* LaunchScreen.storyboard */ = {
			isa = PBXVariantGroup;
			children = (
				16D4F94523AD9C37002C6426 /* Base */,
			);
			name = LaunchScreen.storyboard;
			sourceTree = "<group>";
		};
/* End PBXVariantGroup section */

/* Begin XCBuildConfiguration section */
		16D4F94823AD9C37002C6426 /* Debug */ = {
			isa = XCBuildConfiguration;
			buildSettings = {
				ALWAYS_SEARCH_USER_PATHS = NO;
				CLANG_ANALYZER_NONNULL = YES;
				CLANG_ANALYZER_NUMBER_OBJECT_CONVERSION = YES_AGGRESSIVE;
				CLANG_CXX_LANGUAGE_STANDARD = "gnu++14";
				CLANG_CXX_LIBRARY = "libc++";
				CLANG_ENABLE_MODULES = YES;
				CLANG_ENABLE_OBJC_ARC = YES;
				CLANG_ENABLE_OBJC_WEAK = YES;
				CLANG_WARN_BLOCK_CAPTURE_AUTORELEASING = YES;
				CLANG_WARN_BOOL_CONVERSION = YES;
				CLANG_WARN_COMMA = YES;
				CLANG_WARN_CONSTANT_CONVERSION = YES;
				CLANG_WARN_DEPRECATED_OBJC_IMPLEMENTATIONS = YES;
				CLANG_WARN_DIRECT_OBJC_ISA_USAGE = YES_ERROR;
				CLANG_WARN_DOCUMENTATION_COMMENTS = YES;
				CLANG_WARN_EMPTY_BODY = YES;
				CLANG_WARN_ENUM_CONVERSION = YES;
				CLANG_WARN_INFINITE_RECURSION = YES;
				CLANG_WARN_INT_CONVERSION = YES;
				CLANG_WARN_NON_LITERAL_NULL_CONVERSION = YES;
				CLANG_WARN_OBJC_IMPLICIT_RETAIN_SELF = YES;
				CLANG_WARN_OBJC_LITERAL_CONVERSION = YES;
				CLANG_WARN_OBJC_ROOT_CLASS = YES_ERROR;
				CLANG_WARN_QUOTED_INCLUDE_IN_FRAMEWORK_HEADER = YES;
				CLANG_WARN_RANGE_LOOP_ANALYSIS = YES;
				CLANG_WARN_STRICT_PROTOTYPES = YES;
				CLANG_WARN_SUSPICIOUS_MOVE = YES;
				CLANG_WARN_UNGUARDED_AVAILABILITY = YES_AGGRESSIVE;
				CLANG_WARN_UNREACHABLE_CODE = YES;
				CLANG_WARN__DUPLICATE_METHOD_MATCH = YES;
				COPY_PHASE_STRIP = NO;
				DEBUG_INFORMATION_FORMAT = dwarf;
				ENABLE_STRICT_OBJC_MSGSEND = YES;
				ENABLE_TESTABILITY = YES;
				GCC_C_LANGUAGE_STANDARD = gnu11;
				GCC_DYNAMIC_NO_PIC = NO;
				GCC_NO_COMMON_BLOCKS = YES;
				GCC_OPTIMIZATION_LEVEL = 0;
				GCC_PREPROCESSOR_DEFINITIONS = (
					"DEBUG=1",
					"$(inherited)",
				);
				GCC_WARN_64_TO_32_BIT_CONVERSION = YES;
				GCC_WARN_ABOUT_RETURN_TYPE = YES_ERROR;
				GCC_WARN_UNDECLARED_SELECTOR = YES;
				GCC_WARN_UNINITIALIZED_AUTOS = YES_AGGRESSIVE;
				GCC_WARN_UNUSED_FUNCTION = YES;
				GCC_WARN_UNUSED_VARIABLE = YES;
				IPHONEOS_DEPLOYMENT_TARGET = 13.2;
				MTL_ENABLE_DEBUG_INFO = INCLUDE_SOURCE;
				MTL_FAST_MATH = YES;
				ONLY_ACTIVE_ARCH = YES;
				SDKROOT = iphoneos;
				SWIFT_ACTIVE_COMPILATION_CONDITIONS = DEBUG;
				SWIFT_OPTIMIZATION_LEVEL = "-Onone";
			};
			name = Debug;
		};
		16D4F94923AD9C37002C6426 /* Release */ = {
			isa = XCBuildConfiguration;
			buildSettings = {
				ALWAYS_SEARCH_USER_PATHS = NO;
				CLANG_ANALYZER_NONNULL = YES;
				CLANG_ANALYZER_NUMBER_OBJECT_CONVERSION = YES_AGGRESSIVE;
				CLANG_CXX_LANGUAGE_STANDARD = "gnu++14";
				CLANG_CXX_LIBRARY = "libc++";
				CLANG_ENABLE_MODULES = YES;
				CLANG_ENABLE_OBJC_ARC = YES;
				CLANG_ENABLE_OBJC_WEAK = YES;
				CLANG_WARN_BLOCK_CAPTURE_AUTORELEASING = YES;
				CLANG_WARN_BOOL_CONVERSION = YES;
				CLANG_WARN_COMMA = YES;
				CLANG_WARN_CONSTANT_CONVERSION = YES;
				CLANG_WARN_DEPRECATED_OBJC_IMPLEMENTATIONS = YES;
				CLANG_WARN_DIRECT_OBJC_ISA_USAGE = YES_ERROR;
				CLANG_WARN_DOCUMENTATION_COMMENTS = YES;
				CLANG_WARN_EMPTY_BODY = YES;
				CLANG_WARN_ENUM_CONVERSION = YES;
				CLANG_WARN_INFINITE_RECURSION = YES;
				CLANG_WARN_INT_CONVERSION = YES;
				CLANG_WARN_NON_LITERAL_NULL_CONVERSION = YES;
				CLANG_WARN_OBJC_IMPLICIT_RETAIN_SELF = YES;
				CLANG_WARN_OBJC_LITERAL_CONVERSION = YES;
				CLANG_WARN_OBJC_ROOT_CLASS = YES_ERROR;
				CLANG_WARN_QUOTED_INCLUDE_IN_FRAMEWORK_HEADER = YES;
				CLANG_WARN_RANGE_LOOP_ANALYSIS = YES;
				CLANG_WARN_STRICT_PROTOTYPES = YES;
				CLANG_WARN_SUSPICIOUS_MOVE = YES;
				CLANG_WARN_UNGUARDED_AVAILABILITY = YES_AGGRESSIVE;
				CLANG_WARN_UNREACHABLE_CODE = YES;
				CLANG_WARN__DUPLICATE_METHOD_MATCH = YES;
				COPY_PHASE_STRIP = NO;
				DEBUG_INFORMATION_FORMAT = "dwarf-with-dsym";
				ENABLE_NS_ASSERTIONS = NO;
				ENABLE_STRICT_OBJC_MSGSEND = YES;
				GCC_C_LANGUAGE_STANDARD = gnu11;
				GCC_NO_COMMON_BLOCKS = YES;
				GCC_WARN_64_TO_32_BIT_CONVERSION = YES;
				GCC_WARN_ABOUT_RETURN_TYPE = YES_ERROR;
				GCC_WARN_UNDECLARED_SELECTOR = YES;
				GCC_WARN_UNINITIALIZED_AUTOS = YES_AGGRESSIVE;
				GCC_WARN_UNUSED_FUNCTION = YES;
				GCC_WARN_UNUSED_VARIABLE = YES;
				IPHONEOS_DEPLOYMENT_TARGET = 13.2;
				MTL_ENABLE_DEBUG_INFO = NO;
				MTL_FAST_MATH = YES;
				SDKROOT = iphoneos;
				SWIFT_COMPILATION_MODE = wholemodule;
				SWIFT_OPTIMIZATION_LEVEL = "-O";
				VALIDATE_PRODUCT = YES;
			};
			name = Release;
		};
		16D4F94B23AD9C37002C6426 /* Debug */ = {
			isa = XCBuildConfiguration;
			buildSettings = {
				ASSETCATALOG_COMPILER_APPICON_NAME = AppIcon;
				CODE_SIGN_STYLE = Automatic;
				DEVELOPMENT_TEAM = EQDMF4EA2Q;
				INFOPLIST_FILE = "Image - Chicago - SB/Info.plist";
				LD_RUNPATH_SEARCH_PATHS = (
					"$(inherited)",
					"@executable_path/Frameworks",
				);
				PRODUCT_BUNDLE_IDENTIFIER = "edu.depaul.csc471.Image---Chicago---SB";
				PRODUCT_NAME = "$(TARGET_NAME)";
				SWIFT_VERSION = 5.0;
				TARGETED_DEVICE_FAMILY = "1,2";
			};
			name = Debug;
		};
		16D4F94C23AD9C37002C6426 /* Release */ = {
			isa = XCBuildConfiguration;
			buildSettings = {
				ASSETCATALOG_COMPILER_APPICON_NAME = AppIcon;
				CODE_SIGN_STYLE = Automatic;
				DEVELOPMENT_TEAM = EQDMF4EA2Q;
				INFOPLIST_FILE = "Image - Chicago - SB/Info.plist";
				LD_RUNPATH_SEARCH_PATHS = (
					"$(inherited)",
					"@executable_path/Frameworks",
				);
				PRODUCT_BUNDLE_IDENTIFIER = "edu.depaul.csc471.Image---Chicago---SB";
				PRODUCT_NAME = "$(TARGET_NAME)";
				SWIFT_VERSION = 5.0;
				TARGETED_DEVICE_FAMILY = "1,2";
			};
			name = Release;
		};
/* End XCBuildConfiguration section */

/* Begin XCConfigurationList section */
		16D4F93123AD9C35002C6426 /* Build configuration list for PBXProject "Image - Chicago - SB" */ = {
			isa = XCConfigurationList;
			buildConfigurations = (
				16D4F94823AD9C37002C6426 /* Debug */,
				16D4F94923AD9C37002C6426 /* Release */,
			);
			defaultConfigurationIsVisible = 0;
			defaultConfigurationName = Release;
		};
		16D4F94A23AD9C37002C6426 /* Build configuration list for PBXNativeTarget "Image - Chicago - SB" */ = {
			isa = XCConfigurationList;
			buildConfigurations = (
				16D4F94B23AD9C37002C6426 /* Debug */,
				16D4F94C23AD9C37002C6426 /* Release */,
			);
			defaultConfigurationIsVisible = 0;
			defaultConfigurationName = Release;
		};
/* End XCConfigurationList section */
	};
	rootObject = 16D4F92E23AD9C35002C6426 /* Project object */;
}
